
Microsoft Visual Studio Solution File, Format Version 12.00
# Visual Studio 15
VisualStudioVersion = 15.0.26228.4
MinimumVisualStudioVersion = 10.0.40219.1
Project("{FAE04EC0-301F-11D3-BF4B-00C04F79EFBC}") = "MIAGE.Exemple.BLL", "MIAGE.Exemple.BLL\MIAGE.Exemple.BLL.csproj", "{559309B7-AB82-4904-AE01-12C4D8A5C00C}"
EndProject
Project("{FAE04EC0-301F-11D3-BF4B-00C04F79EFBC}") = "MIAGE.Exemple.WCF", "MIAGE.Exemple.WCF\MIAGE.Exemple.WCF.csproj", "{9AE7BD2C-2F43-4B27-83FC-B5DD64F9C379}"
EndProject
Project("{FAE04EC0-301F-11D3-BF4B-00C04F79EFBC}") = "MIAGE.Exemple.Client", "MIAGE.Exemple.Client\MIAGE.Exemple.Client.csproj", "{8D6505F4-C91C-4538-9619-1E1DDE1E3CEA}"
	ProjectSection(ProjectDependencies) = postProject
		{9AE7BD2C-2F43-4B27-83FC-B5DD64F9C379} = {9AE7BD2C-2F43-4B27-83FC-B5DD64F9C379}
	EndProjectSection
EndProject
Project("{FAE04EC0-301F-11D3-BF4B-00C04F79EFBC}") = "MIAGE.Exemple.WebAPI", "MIAGE.Exemple.WebAPI\MIAGE.Exemple.WebAPI.csproj", "{BADD7E61-47FB-439F-907F-83733B1BBE38}"
EndProject
Project("{2150E333-8FDC-42A3-9474-1A3956D46DE8}") = "Common", "Common", "{728DDD15-A093-40BC-B085-420DB5C186DD}"
EndProject
Project("{2150E333-8FDC-42A3-9474-1A3956D46DE8}") = "WCF", "WCF", "{B0347927-9782-4748-A147-7656AB05962D}"
EndProject
Project("{2150E333-8FDC-42A3-9474-1A3956D46DE8}") = "WebAPI", "WebAPI", "{F6673141-1263-4EC8-861D-DB886B265EE8}"
EndProject
Global
	GlobalSection(SolutionConfigurationPlatforms) = preSolution
		Debug|Any CPU = Debug|Any CPU
		Debug|x64 = Debug|x64
		Debug|x86 = Debug|x86
		Release|Any CPU = Release|Any CPU
		Release|x64 = Release|x64
		Release|x86 = Release|x86
	EndGlobalSection
	GlobalSection(ProjectConfigurationPlatforms) = postSolution
		{559309B7-AB82-4904-AE01-12C4D8A5C00C}.Debug|Any CPU.ActiveCfg = Debug|Any CPU
		{559309B7-AB82-4904-AE01-12C4D8A5C00C}.Debug|Any CPU.Build.0 = Debug|Any CPU
		{559309B7-AB82-4904-AE01-12C4D8A5C00C}.Debug|x64.ActiveCfg = Debug|Any CPU
		{559309B7-AB82-4904-AE01-12C4D8A5C00C}.Debug|x64.Build.0 = Debug|Any CPU
		{559309B7-AB82-4904-AE01-12C4D8A5C00C}.Debug|x86.ActiveCfg = Debug|Any CPU
		{559309B7-AB82-4904-AE01-12C4D8A5C00C}.Debug|x86.Build.0 = Debug|Any CPU
		{559309B7-AB82-4904-AE01-12C4D8A5C00C}.Release|Any CPU.ActiveCfg = Release|Any CPU
		{559309B7-AB82-4904-AE01-12C4D8A5C00C}.Release|Any CPU.Build.0 = Release|Any CPU
		{559309B7-AB82-4904-AE01-12C4D8A5C00C}.Release|x64.ActiveCfg = Release|Any CPU
		{559309B7-AB82-4904-AE01-12C4D8A5C00C}.Release|x64.Build.0 = Release|Any CPU
		{559309B7-AB82-4904-AE01-12C4D8A5C00C}.Release|x86.ActiveCfg = Release|Any CPU
		{559309B7-AB82-4904-AE01-12C4D8A5C00C}.Release|x86.Build.0 = Release|Any CPU
		{9AE7BD2C-2F43-4B27-83FC-B5DD64F9C379}.Debug|Any CPU.ActiveCfg = Debug|Any CPU
		{9AE7BD2C-2F43-4B27-83FC-B5DD64F9C379}.Debug|Any CPU.Build.0 = Debug|Any CPU
		{9AE7BD2C-2F43-4B27-83FC-B5DD64F9C379}.Debug|x64.ActiveCfg = Debug|Any CPU
		{9AE7BD2C-2F43-4B27-83FC-B5DD64F9C379}.Debug|x64.Build.0 = Debug|Any CPU
		{9AE7BD2C-2F43-4B27-83FC-B5DD64F9C379}.Debug|x86.ActiveCfg = Debug|Any CPU
		{9AE7BD2C-2F43-4B27-83FC-B5DD64F9C379}.Debug|x86.Build.0 = Debug|Any CPU
		{9AE7BD2C-2F43-4B27-83FC-B5DD64F9C379}.Release|Any CPU.ActiveCfg = Release|Any CPU
		{9AE7BD2C-2F43-4B27-83FC-B5DD64F9C379}.Release|Any CPU.Build.0 = Release|Any CPU
		{9AE7BD2C-2F43-4B27-83FC-B5DD64F9C379}.Release|x64.ActiveCfg = Release|Any CPU
		{9AE7BD2C-2F43-4B27-83FC-B5DD64F9C379}.Release|x64.Build.0 = Release|Any CPU
		{9AE7BD2C-2F43-4B27-83FC-B5DD64F9C379}.Release|x86.ActiveCfg = Release|Any CPU
		{9AE7BD2C-2F43-4B27-83FC-B5DD64F9C379}.Release|x86.Build.0 = Release|Any CPU
		{8D6505F4-C91C-4538-9619-1E1DDE1E3CEA}.Debug|Any CPU.ActiveCfg = Debug|Any CPU
		{8D6505F4-C91C-4538-9619-1E1DDE1E3CEA}.Debug|Any CPU.Build.0 = Debug|Any CPU
		{8D6505F4-C91C-4538-9619-1E1DDE1E3CEA}.Debug|x64.ActiveCfg = Debug|Any CPU
		{8D6505F4-C91C-4538-9619-1E1DDE1E3CEA}.Debug|x64.Build.0 = Debug|Any CPU
		{8D6505F4-C91C-4538-9619-1E1DDE1E3CEA}.Debug|x86.ActiveCfg = Debug|Any CPU
		{8D6505F4-C91C-4538-9619-1E1DDE1E3CEA}.Debug|x86.Build.0 = Debug|Any CPU
		{8D6505F4-C91C-4538-9619-1E1DDE1E3CEA}.Release|Any CPU.ActiveCfg = Release|Any CPU
		{8D6505F4-C91C-4538-9619-1E1DDE1E3CEA}.Release|Any CPU.Build.0 = Release|Any CPU
		{8D6505F4-C91C-4538-9619-1E1DDE1E3CEA}.Release|x64.ActiveCfg = Release|Any CPU
		{8D6505F4-C91C-4538-9619-1E1DDE1E3CEA}.Release|x64.Build.0 = Release|Any CPU
		{8D6505F4-C91C-4538-9619-1E1DDE1E3CEA}.Release|x86.ActiveCfg = Release|Any CPU
		{8D6505F4-C91C-4538-9619-1E1DDE1E3CEA}.Release|x86.Build.0 = Release|Any CPU
		{BADD7E61-47FB-439F-907F-83733B1BBE38}.Debug|Any CPU.ActiveCfg = Debug|Any CPU
		{BADD7E61-47FB-439F-907F-83733B1BBE38}.Debug|Any CPU.Build.0 = Debug|Any CPU
		{BADD7E61-47FB-439F-907F-83733B1BBE38}.Debug|x64.ActiveCfg = Debug|Any CPU
		{BADD7E61-47FB-439F-907F-83733B1BBE38}.Debug|x64.Build.0 = Debug|Any CPU
		{BADD7E61-47FB-439F-907F-83733B1BBE38}.Debug|x86.ActiveCfg = Debug|Any CPU
		{BADD7E61-47FB-439F-907F-83733B1BBE38}.Debug|x86.Build.0 = Debug|Any CPU
		{BADD7E61-47FB-439F-907F-83733B1BBE38}.Release|Any CPU.ActiveCfg = Release|Any CPU
		{BADD7E61-47FB-439F-907F-83733B1BBE38}.Release|Any CPU.Build.0 = Release|Any CPU
		{BADD7E61-47FB-439F-907F-83733B1BBE38}.Release|x64.ActiveCfg = Release|Any CPU
		{BADD7E61-47FB-439F-907F-83733B1BBE38}.Release|x64.Build.0 = Release|Any CPU
		{BADD7E61-47FB-439F-907F-83733B1BBE38}.Release|x86.ActiveCfg = Release|Any CPU
		{BADD7E61-47FB-439F-907F-83733B1BBE38}.Release|x86.Build.0 = Release|Any CPU
	EndGlobalSection
	GlobalSection(SolutionProperties) = preSolution
		HideSolutionNode = FALSE
	EndGlobalSection
	GlobalSection(NestedProjects) = preSolution
		{559309B7-AB82-4904-AE01-12C4D8A5C00C} = {728DDD15-A093-40BC-B085-420DB5C186DD}
		{9AE7BD2C-2F43-4B27-83FC-B5DD64F9C379} = {B0347927-9782-4748-A147-7656AB05962D}
		{8D6505F4-C91C-4538-9619-1E1DDE1E3CEA} = {B0347927-9782-4748-A147-7656AB05962D}
		{BADD7E61-47FB-439F-907F-83733B1BBE38} = {F6673141-1263-4EC8-861D-DB886B265EE8}
	EndGlobalSection
EndGlobal
